
Microsoft Visual Studio Solution File, Format Version 12.00
# Visual Studio 15
VisualStudioVersion = 15.0.27130.2003
MinimumVisualStudioVersion = 10.0.40219.1
Project("{FAE04EC0-301F-11D3-BF4B-00C04F79EFBC}") = "EThor.UI", "EThor.UI\EThor.UI.csproj", "{DE058359-F9B4-411F-B8C6-06E8C626FD80}"
EndProject
Project("{FAE04EC0-301F-11D3-BF4B-00C04F79EFBC}") = "EThor.Core", "EThor.Core\EThor.Core.csproj", "{E5C3BA76-D0C6-4C47-AA9C-2E6D5D76A89D}"
EndProject
Project("{FAE04EC0-301F-11D3-BF4B-00C04F79EFBC}") = "EThor.ApplicationService", "EThor.Interfaces\EThor.ApplicationService.csproj", "{CF3DEC7C-2E54-4E96-957F-007AE42DF671}"
EndProject
Project("{FAE04EC0-301F-11D3-BF4B-00C04F79EFBC}") = "EThor.DataAccess", "EThor.DataAccess\EThor.DataAccess.csproj", "{794CAA6B-1755-4196-A016-F62C75744380}"
EndProject
Project("{FAE04EC0-301F-11D3-BF4B-00C04F79EFBC}") = "EThor.Infrastructure", "EThor.Infrastructure\EThor.Infrastructure.csproj", "{2CECE671-6240-40F2-A8AA-04861F320F24}"
EndProject
Project("{FAE04EC0-301F-11D3-BF4B-00C04F79EFBC}") = "EThor.UnitTests", "EThor.UnitTests\EThor.UnitTests.csproj", "{2B3B0D0B-1BCF-4114-831D-3BEC1E3EEEE5}"
EndProject
Global
	GlobalSection(SolutionConfigurationPlatforms) = preSolution
		Debug|Any CPU = Debug|Any CPU
		Release|Any CPU = Release|Any CPU
	EndGlobalSection
	GlobalSection(ProjectConfigurationPlatforms) = postSolution
		{DE058359-F9B4-411F-B8C6-06E8C626FD80}.Debug|Any CPU.ActiveCfg = Debug|Any CPU
		{DE058359-F9B4-411F-B8C6-06E8C626FD80}.Debug|Any CPU.Build.0 = Debug|Any CPU
		{DE058359-F9B4-411F-B8C6-06E8C626FD80}.Release|Any CPU.ActiveCfg = Release|Any CPU
		{DE058359-F9B4-411F-B8C6-06E8C626FD80}.Release|Any CPU.Build.0 = Release|Any CPU
		{E5C3BA76-D0C6-4C47-AA9C-2E6D5D76A89D}.Debug|Any CPU.ActiveCfg = Debug|Any CPU
		{E5C3BA76-D0C6-4C47-AA9C-2E6D5D76A89D}.Debug|Any CPU.Build.0 = Debug|Any CPU
		{E5C3BA76-D0C6-4C47-AA9C-2E6D5D76A89D}.Release|Any CPU.ActiveCfg = Release|Any CPU
		{E5C3BA76-D0C6-4C47-AA9C-2E6D5D76A89D}.Release|Any CPU.Build.0 = Release|Any CPU
		{CF3DEC7C-2E54-4E96-957F-007AE42DF671}.Debug|Any CPU.ActiveCfg = Debug|Any CPU
		{CF3DEC7C-2E54-4E96-957F-007AE42DF671}.Debug|Any CPU.Build.0 = Debug|Any CPU
		{CF3DEC7C-2E54-4E96-957F-007AE42DF671}.Release|Any CPU.ActiveCfg = Release|Any CPU
		{CF3DEC7C-2E54-4E96-957F-007AE42DF671}.Release|Any CPU.Build.0 = Release|Any CPU
		{794CAA6B-1755-4196-A016-F62C75744380}.Debug|Any CPU.ActiveCfg = Debug|Any CPU
		{794CAA6B-1755-4196-A016-F62C75744380}.Debug|Any CPU.Build.0 = Debug|Any CPU
		{794CAA6B-1755-4196-A016-F62C75744380}.Release|Any CPU.ActiveCfg = Release|Any CPU
		{794CAA6B-1755-4196-A016-F62C75744380}.Release|Any CPU.Build.0 = Release|Any CPU
		{2CECE671-6240-40F2-A8AA-04861F320F24}.Debug|Any CPU.ActiveCfg = Debug|Any CPU
		{2CECE671-6240-40F2-A8AA-04861F320F24}.Debug|Any CPU.Build.0 = Debug|Any CPU
		{2CECE671-6240-40F2-A8AA-04861F320F24}.Release|Any CPU.ActiveCfg = Release|Any CPU
		{2CECE671-6240-40F2-A8AA-04861F320F24}.Release|Any CPU.Build.0 = Release|Any CPU
		{2B3B0D0B-1BCF-4114-831D-3BEC1E3EEEE5}.Debug|Any CPU.ActiveCfg = Debug|Any CPU
		{2B3B0D0B-1BCF-4114-831D-3BEC1E3EEEE5}.Debug|Any CPU.Build.0 = Debug|Any CPU
		{2B3B0D0B-1BCF-4114-831D-3BEC1E3EEEE5}.Release|Any CPU.ActiveCfg = Release|Any CPU
		{2B3B0D0B-1BCF-4114-831D-3BEC1E3EEEE5}.Release|Any CPU.Build.0 = Release|Any CPU
	EndGlobalSection
	GlobalSection(SolutionProperties) = preSolution
		HideSolutionNode = FALSE
	EndGlobalSection
	GlobalSection(ExtensibilityGlobals) = postSolution
		SolutionGuid = {0C0502FB-608C-4BAC-8528-F0974A9CC459}
	EndGlobalSection
EndGlobal
